
Microsoft Visual Studio Solution File, Format Version 12.00
# Visual Studio Version 16
VisualStudioVersion = 16.0.29123.88
MinimumVisualStudioVersion = 10.0.40219.1
Project("{FAE04EC0-301F-11D3-BF4B-00C04F79EFBC}") = "Hospital", "Hospital\Hospital.csproj", "{119DDE30-157D-4C4C-8566-3BE83777A53D}"
EndProject
Project("{FAE04EC0-301F-11D3-BF4B-00C04F79EFBC}") = "Entidades", "Entidades\Entidades.csproj", "{582AA443-E2A9-4457-AAAB-526C33EC511F}"
EndProject
Global
	GlobalSection(SolutionConfigurationPlatforms) = preSolution
		Debug|Any CPU = Debug|Any CPU
		Release|Any CPU = Release|Any CPU
	EndGlobalSection
	GlobalSection(ProjectConfigurationPlatforms) = postSolution
		{119DDE30-157D-4C4C-8566-3BE83777A53D}.Debug|Any CPU.ActiveCfg = Debug|Any CPU
		{119DDE30-157D-4C4C-8566-3BE83777A53D}.Debug|Any CPU.Build.0 = Debug|Any CPU
		{119DDE30-157D-4C4C-8566-3BE83777A53D}.Release|Any CPU.ActiveCfg = Release|Any CPU
		{119DDE30-157D-4C4C-8566-3BE83777A53D}.Release|Any CPU.Build.0 = Release|Any CPU
		{582AA443-E2A9-4457-AAAB-526C33EC511F}.Debug|Any CPU.ActiveCfg = Debug|Any CPU
		{582AA443-E2A9-4457-AAAB-526C33EC511F}.Debug|Any CPU.Build.0 = Debug|Any CPU
		{582AA443-E2A9-4457-AAAB-526C33EC511F}.Release|Any CPU.ActiveCfg = Release|Any CPU
		{582AA443-E2A9-4457-AAAB-526C33EC511F}.Release|Any CPU.Build.0 = Release|Any CPU
	EndGlobalSection
	GlobalSection(SolutionProperties) = preSolution
		HideSolutionNode = FALSE
	EndGlobalSection
	GlobalSection(ExtensibilityGlobals) = postSolution
		SolutionGuid = {A3FFFCAA-9FE5-4774-A6D7-3063A4E69255}
	EndGlobalSection
EndGlobal
